# This file was autogenerated by Stack.
# You should not edit this file by hand.
# For more information, please see the documentation at:
#   https://docs.haskellstack.org/en/stable/lock_files

snapshots:
- original: lts-18.18
  completed:
    sha256: 63539429076b7ebbab6daa7656cfb079393bf644971156dc349d7c0453694ac2
    url: https://raw.githubusercontent.com/commercialhaskell/stackage-snapshots/master/lts/18/18.yaml
    size: 586296
packages:
- original:
    hackage: ema-0.2.0.0
  completed:
    pantry-tree:
      sha256: 8133c5c571f0c45aef0d14fc17756a0c54306be8f105d6a3cff62141ae6dfb86
      size: 1194
    hackage: ema-0.2.0.0@sha256:acbc153ad411665361b36c5cfaee5ca5e9cc285b8caf324bd62c08a600d6b207,2985
- original:
    hackage: lvar-0.1.0.0
  completed:
    pantry-tree:
      sha256: 502e4629ec310a9923be353141cb39277f23216a3a2dd2f1d281c13d538113fd
      size: 259
    hackage: lvar-0.1.0.0@sha256:e901135387866b01deac6a643498682a5692bb2b59089b66bd2142018160908b,1298
- original:
    hackage: monad-logger-extras-0.1.1.1
  completed:
    pantry-tree:
      sha256: 9ff5de7d040727cdad16e68d2af72e6bfcc1e27fbe5afe0714c61bbdc2bbcae3
      size: 465
    hackage: monad-logger-extras-0.1.1.1@sha256:60f74705d7f2f2bec317adc9ac997b4a0915c155d3ffcd103a24f0b0d38ffaf1,1606
- original:
    hackage: shower-0.2.0.2
  completed:
    pantry-tree:
      sha256: e076f733749bf052117febc8f8b68500cc35a466534ef011da42833cbf38d29e
      size: 2034
    hackage: shower-0.2.0.2@sha256:2c2b1cd25e4330f03ba68631b37d4346bf42644bc8e9a7a819ce605acc72bb34,1473
- original:
    hackage: unionmount-0.1.0.0
  completed:
    pantry-tree:
      sha256: 73129847423e548b1d3a6b3023575f4c9752fbab6e774228c33f2f0530efdad4
      size: 222
    hackage: unionmount-0.1.0.0@sha256:00104fa8150d7e5bec7da953017df6eae4251e8c739ed729243ca041c8c54fa5,1449
